version: 1.0
shards:
  ambience:
    github: vjdhama/ambience
    version: 0.3.9

  kemal:
    github: sdogruyol/kemal
    commit: 3b4440d358c47f9f9b935cc8249674f9e795a100

  kilt:
    github: jeromegn/kilt
    version: 0.3.3

  mysql:
    github: waterlink/crystal-mysql
    version: 0.4.1

  radix:
    github: luislavena/radix
    version: 0.1.1

