version: 1.0
shards:
  ambience:
    github: vjdhama/ambience
    version: 0.3.8

  kemal:
    github: sdogruyol/kemal
    commit: 7b1bc43a412bc0e2396ac3ff15b60f4686ee678d

  kilt:
    github: jeromegn/kilt
    version: 0.3.3

  mysql:
    github: waterlink/crystal-mysql
    version: 0.4.1

  radix:
    github: luislavena/radix
    version: 0.1.1

